
Microsoft Visual Studio Solution File, Format Version 12.00
# Visual Studio 15
VisualStudioVersion = 15.0.26730.16
MinimumVisualStudioVersion = 10.0.40219.1
Project("{FAE04EC0-301F-11D3-BF4B-00C04F79EFBC}") = "Sqrt", "Sqrt.csproj", "{7E40FEC0-9A6B-404F-A3B7-6C5741A9E965}"
EndProject
Global
	GlobalSection(SolutionConfigurationPlatforms) = preSolution
		Debug|Any CPU = Debug|Any CPU
		Release|Any CPU = Release|Any CPU
	EndGlobalSection
	GlobalSection(ProjectConfigurationPlatforms) = postSolution
		{7E40FEC0-9A6B-404F-A3B7-6C5741A9E965}.Debug|Any CPU.ActiveCfg = Debug|Any CPU
		{7E40FEC0-9A6B-404F-A3B7-6C5741A9E965}.Debug|Any CPU.Build.0 = Debug|Any CPU
		{7E40FEC0-9A6B-404F-A3B7-6C5741A9E965}.Release|Any CPU.ActiveCfg = Release|Any CPU
		{7E40FEC0-9A6B-404F-A3B7-6C5741A9E965}.Release|Any CPU.Build.0 = Release|Any CPU
	EndGlobalSection
	GlobalSection(SolutionProperties) = preSolution
		HideSolutionNode = FALSE
	EndGlobalSection
	GlobalSection(ExtensibilityGlobals) = postSolution
		SolutionGuid = {E0891693-BAAB-4654-A7DB-AA06AA387786}
	EndGlobalSection
EndGlobal
