
Microsoft Visual Studio Solution File, Format Version 12.00
# Visual Studio 15
VisualStudioVersion = 15.0.26730.16
MinimumVisualStudioVersion = 10.0.40219.1
Project("{FAE04EC0-301F-11D3-BF4B-00C04F79EFBC}") = "ObjectArray", "ObjectArray.csproj", "{22E5F157-C1AC-481E-AF31-A8278E5C790A}"
EndProject
Global
	GlobalSection(SolutionConfigurationPlatforms) = preSolution
		Debug|Any CPU = Debug|Any CPU
		Release|Any CPU = Release|Any CPU
	EndGlobalSection
	GlobalSection(ProjectConfigurationPlatforms) = postSolution
		{22E5F157-C1AC-481E-AF31-A8278E5C790A}.Debug|Any CPU.ActiveCfg = Debug|Any CPU
		{22E5F157-C1AC-481E-AF31-A8278E5C790A}.Debug|Any CPU.Build.0 = Debug|Any CPU
		{22E5F157-C1AC-481E-AF31-A8278E5C790A}.Release|Any CPU.ActiveCfg = Release|Any CPU
		{22E5F157-C1AC-481E-AF31-A8278E5C790A}.Release|Any CPU.Build.0 = Release|Any CPU
	EndGlobalSection
	GlobalSection(SolutionProperties) = preSolution
		HideSolutionNode = FALSE
	EndGlobalSection
	GlobalSection(ExtensibilityGlobals) = postSolution
		SolutionGuid = {44816F71-A6EA-4D57-A83B-88F4C25CE3EF}
	EndGlobalSection
EndGlobal
