
Microsoft Visual Studio Solution File, Format Version 12.00
# Visual Studio 15
VisualStudioVersion = 15.0.26730.16
MinimumVisualStudioVersion = 10.0.40219.1
Project("{FAE04EC0-301F-11D3-BF4B-00C04F79EFBC}") = "ifelseif", "ifelseif.csproj", "{7B377284-8146-445D-84CF-7BFDFA1910FA}"
EndProject
Global
	GlobalSection(SolutionConfigurationPlatforms) = preSolution
		Debug|Any CPU = Debug|Any CPU
		Release|Any CPU = Release|Any CPU
	EndGlobalSection
	GlobalSection(ProjectConfigurationPlatforms) = postSolution
		{7B377284-8146-445D-84CF-7BFDFA1910FA}.Debug|Any CPU.ActiveCfg = Debug|Any CPU
		{7B377284-8146-445D-84CF-7BFDFA1910FA}.Debug|Any CPU.Build.0 = Debug|Any CPU
		{7B377284-8146-445D-84CF-7BFDFA1910FA}.Release|Any CPU.ActiveCfg = Release|Any CPU
		{7B377284-8146-445D-84CF-7BFDFA1910FA}.Release|Any CPU.Build.0 = Release|Any CPU
	EndGlobalSection
	GlobalSection(SolutionProperties) = preSolution
		HideSolutionNode = FALSE
	EndGlobalSection
	GlobalSection(ExtensibilityGlobals) = postSolution
		SolutionGuid = {41CE8848-EE7D-49F9-8ADA-A070341FB95A}
	EndGlobalSection
EndGlobal
