
Microsoft Visual Studio Solution File, Format Version 12.00
# Visual Studio 15
VisualStudioVersion = 15.0.27130.2010
MinimumVisualStudioVersion = 10.0.40219.1
Project("{FAE04EC0-301F-11D3-BF4B-00C04F79EFBC}") = "link1", "link1.csproj", "{AB686D74-7308-4251-8BD6-FE3F1EB2F304}"
EndProject
Global
	GlobalSection(SolutionConfigurationPlatforms) = preSolution
		Debug|Any CPU = Debug|Any CPU
		Release|Any CPU = Release|Any CPU
	EndGlobalSection
	GlobalSection(ProjectConfigurationPlatforms) = postSolution
		{AB686D74-7308-4251-8BD6-FE3F1EB2F304}.Debug|Any CPU.ActiveCfg = Debug|Any CPU
		{AB686D74-7308-4251-8BD6-FE3F1EB2F304}.Debug|Any CPU.Build.0 = Debug|Any CPU
		{AB686D74-7308-4251-8BD6-FE3F1EB2F304}.Release|Any CPU.ActiveCfg = Release|Any CPU
		{AB686D74-7308-4251-8BD6-FE3F1EB2F304}.Release|Any CPU.Build.0 = Release|Any CPU
	EndGlobalSection
	GlobalSection(SolutionProperties) = preSolution
		HideSolutionNode = FALSE
	EndGlobalSection
	GlobalSection(ExtensibilityGlobals) = postSolution
		SolutionGuid = {6B08C2B7-1966-442F-BCB5-CA074761C040}
	EndGlobalSection
EndGlobal
