
Microsoft Visual Studio Solution File, Format Version 12.00
# Visual Studio 15
VisualStudioVersion = 15.0.26730.10
MinimumVisualStudioVersion = 10.0.40219.1
Project("{FAE04EC0-301F-11D3-BF4B-00C04F79EFBC}") = "readline1", "readline1.csproj", "{8EF27910-BAEE-4EAB-BA5A-4E603663C61A}"
EndProject
Global
	GlobalSection(SolutionConfigurationPlatforms) = preSolution
		Debug|Any CPU = Debug|Any CPU
		Release|Any CPU = Release|Any CPU
	EndGlobalSection
	GlobalSection(ProjectConfigurationPlatforms) = postSolution
		{8EF27910-BAEE-4EAB-BA5A-4E603663C61A}.Debug|Any CPU.ActiveCfg = Debug|Any CPU
		{8EF27910-BAEE-4EAB-BA5A-4E603663C61A}.Debug|Any CPU.Build.0 = Debug|Any CPU
		{8EF27910-BAEE-4EAB-BA5A-4E603663C61A}.Release|Any CPU.ActiveCfg = Release|Any CPU
		{8EF27910-BAEE-4EAB-BA5A-4E603663C61A}.Release|Any CPU.Build.0 = Release|Any CPU
	EndGlobalSection
	GlobalSection(SolutionProperties) = preSolution
		HideSolutionNode = FALSE
	EndGlobalSection
	GlobalSection(ExtensibilityGlobals) = postSolution
		SolutionGuid = {5FCFF967-DB82-456D-B8AC-489CFC2C597C}
	EndGlobalSection
EndGlobal
