
Microsoft Visual Studio Solution File, Format Version 12.00
# Visual Studio 15
VisualStudioVersion = 15.0.27130.2010
MinimumVisualStudioVersion = 10.0.40219.1
Project("{FAE04EC0-301F-11D3-BF4B-00C04F79EFBC}") = "guess", "guess.csproj", "{0DF994D1-AF13-44C4-BFD0-E913C6D07999}"
EndProject
Global
	GlobalSection(SolutionConfigurationPlatforms) = preSolution
		Debug|Any CPU = Debug|Any CPU
		Release|Any CPU = Release|Any CPU
	EndGlobalSection
	GlobalSection(ProjectConfigurationPlatforms) = postSolution
		{0DF994D1-AF13-44C4-BFD0-E913C6D07999}.Debug|Any CPU.ActiveCfg = Debug|Any CPU
		{0DF994D1-AF13-44C4-BFD0-E913C6D07999}.Debug|Any CPU.Build.0 = Debug|Any CPU
		{0DF994D1-AF13-44C4-BFD0-E913C6D07999}.Release|Any CPU.ActiveCfg = Release|Any CPU
		{0DF994D1-AF13-44C4-BFD0-E913C6D07999}.Release|Any CPU.Build.0 = Release|Any CPU
	EndGlobalSection
	GlobalSection(SolutionProperties) = preSolution
		HideSolutionNode = FALSE
	EndGlobalSection
	GlobalSection(ExtensibilityGlobals) = postSolution
		SolutionGuid = {68DF232A-7859-4783-8893-DA4181EB4736}
	EndGlobalSection
EndGlobal
