
Microsoft Visual Studio Solution File, Format Version 12.00
# Visual Studio 15
VisualStudioVersion = 15.0.26730.16
MinimumVisualStudioVersion = 10.0.40219.1
Project("{FAE04EC0-301F-11D3-BF4B-00C04F79EFBC}") = "NoteBook", "NoteBook.csproj", "{2CA898BB-6E89-44CA-83DF-D9915FDDC344}"
EndProject
Global
	GlobalSection(SolutionConfigurationPlatforms) = preSolution
		Debug|Any CPU = Debug|Any CPU
		Release|Any CPU = Release|Any CPU
	EndGlobalSection
	GlobalSection(ProjectConfigurationPlatforms) = postSolution
		{2CA898BB-6E89-44CA-83DF-D9915FDDC344}.Debug|Any CPU.ActiveCfg = Debug|Any CPU
		{2CA898BB-6E89-44CA-83DF-D9915FDDC344}.Debug|Any CPU.Build.0 = Debug|Any CPU
		{2CA898BB-6E89-44CA-83DF-D9915FDDC344}.Release|Any CPU.ActiveCfg = Release|Any CPU
		{2CA898BB-6E89-44CA-83DF-D9915FDDC344}.Release|Any CPU.Build.0 = Release|Any CPU
	EndGlobalSection
	GlobalSection(SolutionProperties) = preSolution
		HideSolutionNode = FALSE
	EndGlobalSection
	GlobalSection(ExtensibilityGlobals) = postSolution
		SolutionGuid = {1B7B11B8-1122-4C71-B7F5-73CDBEACFE6C}
	EndGlobalSection
EndGlobal
