
Microsoft Visual Studio Solution File, Format Version 12.00
# Visual Studio 15
VisualStudioVersion = 15.0.26730.16
MinimumVisualStudioVersion = 10.0.40219.1
Project("{FAE04EC0-301F-11D3-BF4B-00C04F79EFBC}") = "ObjectSetValue", "ObjectSetValue.csproj", "{F0758E91-22A3-4718-A3E2-B5813E6B84F0}"
EndProject
Global
	GlobalSection(SolutionConfigurationPlatforms) = preSolution
		Debug|Any CPU = Debug|Any CPU
		Release|Any CPU = Release|Any CPU
	EndGlobalSection
	GlobalSection(ProjectConfigurationPlatforms) = postSolution
		{F0758E91-22A3-4718-A3E2-B5813E6B84F0}.Debug|Any CPU.ActiveCfg = Debug|Any CPU
		{F0758E91-22A3-4718-A3E2-B5813E6B84F0}.Debug|Any CPU.Build.0 = Debug|Any CPU
		{F0758E91-22A3-4718-A3E2-B5813E6B84F0}.Release|Any CPU.ActiveCfg = Release|Any CPU
		{F0758E91-22A3-4718-A3E2-B5813E6B84F0}.Release|Any CPU.Build.0 = Release|Any CPU
	EndGlobalSection
	GlobalSection(SolutionProperties) = preSolution
		HideSolutionNode = FALSE
	EndGlobalSection
	GlobalSection(ExtensibilityGlobals) = postSolution
		SolutionGuid = {5CEAB6BD-74D1-42A6-96F6-B7045E5C12F3}
	EndGlobalSection
EndGlobal
