
Microsoft Visual Studio Solution File, Format Version 12.00
# Visual Studio 15
VisualStudioVersion = 15.0.26730.16
MinimumVisualStudioVersion = 10.0.40219.1
Project("{FAE04EC0-301F-11D3-BF4B-00C04F79EFBC}") = "PlayMovie", "PlayMovie.csproj", "{9A86FF8A-5B4D-40A2-AF4A-C8721C827FB9}"
EndProject
Global
	GlobalSection(SolutionConfigurationPlatforms) = preSolution
		Debug|Any CPU = Debug|Any CPU
		Release|Any CPU = Release|Any CPU
	EndGlobalSection
	GlobalSection(ProjectConfigurationPlatforms) = postSolution
		{9A86FF8A-5B4D-40A2-AF4A-C8721C827FB9}.Debug|Any CPU.ActiveCfg = Debug|Any CPU
		{9A86FF8A-5B4D-40A2-AF4A-C8721C827FB9}.Debug|Any CPU.Build.0 = Debug|Any CPU
		{9A86FF8A-5B4D-40A2-AF4A-C8721C827FB9}.Release|Any CPU.ActiveCfg = Release|Any CPU
		{9A86FF8A-5B4D-40A2-AF4A-C8721C827FB9}.Release|Any CPU.Build.0 = Release|Any CPU
	EndGlobalSection
	GlobalSection(SolutionProperties) = preSolution
		HideSolutionNode = FALSE
	EndGlobalSection
	GlobalSection(ExtensibilityGlobals) = postSolution
		SolutionGuid = {46840345-D019-47C1-9F8D-BD4A0F061AFC}
	EndGlobalSection
EndGlobal
