
Microsoft Visual Studio Solution File, Format Version 12.00
# Visual Studio 15
VisualStudioVersion = 15.0.26730.16
MinimumVisualStudioVersion = 10.0.40219.1
Project("{FAE04EC0-301F-11D3-BF4B-00C04F79EFBC}") = "Notepad", "Notepad.csproj", "{34492D85-CBDC-4212-B46E-56588D4AAEDC}"
EndProject
Global
	GlobalSection(SolutionConfigurationPlatforms) = preSolution
		Debug|Any CPU = Debug|Any CPU
		Release|Any CPU = Release|Any CPU
	EndGlobalSection
	GlobalSection(ProjectConfigurationPlatforms) = postSolution
		{34492D85-CBDC-4212-B46E-56588D4AAEDC}.Debug|Any CPU.ActiveCfg = Debug|Any CPU
		{34492D85-CBDC-4212-B46E-56588D4AAEDC}.Debug|Any CPU.Build.0 = Debug|Any CPU
		{34492D85-CBDC-4212-B46E-56588D4AAEDC}.Release|Any CPU.ActiveCfg = Release|Any CPU
		{34492D85-CBDC-4212-B46E-56588D4AAEDC}.Release|Any CPU.Build.0 = Release|Any CPU
	EndGlobalSection
	GlobalSection(SolutionProperties) = preSolution
		HideSolutionNode = FALSE
	EndGlobalSection
	GlobalSection(ExtensibilityGlobals) = postSolution
		SolutionGuid = {DA44A7A6-08B6-4C00-BB55-F10C9EE6252A}
	EndGlobalSection
EndGlobal
