
Microsoft Visual Studio Solution File, Format Version 12.00
# Visual Studio 15
VisualStudioVersion = 15.0.26730.10
MinimumVisualStudioVersion = 10.0.40219.1
Project("{FAE04EC0-301F-11D3-BF4B-00C04F79EFBC}") = "writeline1", "writeline1.csproj", "{B6DBC59B-C1E2-44C6-B30A-7CA0C0AD211F}"
EndProject
Global
	GlobalSection(SolutionConfigurationPlatforms) = preSolution
		Debug|Any CPU = Debug|Any CPU
		Release|Any CPU = Release|Any CPU
	EndGlobalSection
	GlobalSection(ProjectConfigurationPlatforms) = postSolution
		{B6DBC59B-C1E2-44C6-B30A-7CA0C0AD211F}.Debug|Any CPU.ActiveCfg = Debug|Any CPU
		{B6DBC59B-C1E2-44C6-B30A-7CA0C0AD211F}.Debug|Any CPU.Build.0 = Debug|Any CPU
		{B6DBC59B-C1E2-44C6-B30A-7CA0C0AD211F}.Release|Any CPU.ActiveCfg = Release|Any CPU
		{B6DBC59B-C1E2-44C6-B30A-7CA0C0AD211F}.Release|Any CPU.Build.0 = Release|Any CPU
	EndGlobalSection
	GlobalSection(SolutionProperties) = preSolution
		HideSolutionNode = FALSE
	EndGlobalSection
	GlobalSection(ExtensibilityGlobals) = postSolution
		SolutionGuid = {0A6F40A6-5709-48F2-BFD0-65C7E8AF0CB1}
	EndGlobalSection
EndGlobal
